
Microsoft Visual Studio Solution File, Format Version 12.00
# Visual Studio Version 17
VisualStudioVersion = 17.10.35027.167
MinimumVisualStudioVersion = 10.0.40219.1
Project("{9A19103F-16F7-4668-BE54-9A1E7A4F7556}") = "AppointmentSystem.Api", "AppointmentSystem.Api.csproj", "{FC616DA6-DAF7-4430-85A8-FBD1B9642971}"
EndProject
Project("{9A19103F-16F7-4668-BE54-9A1E7A4F7556}") = "AppointmentSystem.Business", "..\AppointmentSystem.Business\AppointmentSystem.Business.csproj", "{93F47733-F0AF-4F95-8F19-F12EEC615394}"
EndProject
Project("{9A19103F-16F7-4668-BE54-9A1E7A4F7556}") = "AppointmentSystem.Business.Interface", "..\AppointmentSystem.Business.Interface\AppointmentSystem.Business.Interface.csproj", "{10C20378-CB6A-4B8C-A580-5C55873B551E}"
EndProject
Project("{9A19103F-16F7-4668-BE54-9A1E7A4F7556}") = "AppointmentSystem.Entity", "..\AppointmentSystem.Entity\AppointmentSystem.Entity.csproj", "{E47598CD-0CD0-4894-AEA0-79657ABC5475}"
EndProject
Project("{9A19103F-16F7-4668-BE54-9A1E7A4F7556}") = "AppointmentSystem.Repository", "..\AppointmentSystem.Repository\AppointmentSystem.Repository.csproj", "{4B9E959E-D2D1-457C-89D0-3D89BA75D5FE}"
EndProject
Project("{9A19103F-16F7-4668-BE54-9A1E7A4F7556}") = "AppointmentSystem.Repository.Interface", "..\AppointmentSystem.Repository.Interface\AppointmentSystem.Repository.Interface.csproj", "{C3581C12-4992-4574-B267-774949737542}"
EndProject
Project("{9A19103F-16F7-4668-BE54-9A1E7A4F7556}") = "AppointmentSystem.Utils", "..\AppointmentSystem.Utils\AppointmentSystem.Utils.csproj", "{5745690B-099A-4202-AABD-D942707883F3}"
EndProject
Project("{9A19103F-16F7-4668-BE54-9A1E7A4F7556}") = "AppointmentSystem.Validator", "..\AppointmentSystem.Validator\AppointmentSystem.Validator.csproj", "{50762083-4271-451A-AECA-C5C2EE0394E3}"
EndProject
Project("{9A19103F-16F7-4668-BE54-9A1E7A4F7556}") = "AppointmentSystem.UnitTests", "..\AppointmentSystem.UnitTests\AppointmentSystem.UnitTests.csproj", "{834A3BFA-969F-487B-96D9-FBB996231878}"
EndProject
Project("{2150E333-8FDC-42A3-9474-1A3956D46DE8}") = "Itens de Solução", "Itens de Solução", "{CEB85AB2-07BC-49D6-A3E1-1BAF2B537CCA}"
	ProjectSection(SolutionItems) = preProject
		script.sql = script.sql
	EndProjectSection
EndProject
Global
	GlobalSection(SolutionConfigurationPlatforms) = preSolution
		Debug|Any CPU = Debug|Any CPU
		Release|Any CPU = Release|Any CPU
	EndGlobalSection
	GlobalSection(ProjectConfigurationPlatforms) = postSolution
		{FC616DA6-DAF7-4430-85A8-FBD1B9642971}.Debug|Any CPU.ActiveCfg = Debug|Any CPU
		{FC616DA6-DAF7-4430-85A8-FBD1B9642971}.Debug|Any CPU.Build.0 = Debug|Any CPU
		{FC616DA6-DAF7-4430-85A8-FBD1B9642971}.Release|Any CPU.ActiveCfg = Release|Any CPU
		{FC616DA6-DAF7-4430-85A8-FBD1B9642971}.Release|Any CPU.Build.0 = Release|Any CPU
		{93F47733-F0AF-4F95-8F19-F12EEC615394}.Debug|Any CPU.ActiveCfg = Debug|Any CPU
		{93F47733-F0AF-4F95-8F19-F12EEC615394}.Debug|Any CPU.Build.0 = Debug|Any CPU
		{93F47733-F0AF-4F95-8F19-F12EEC615394}.Release|Any CPU.ActiveCfg = Release|Any CPU
		{93F47733-F0AF-4F95-8F19-F12EEC615394}.Release|Any CPU.Build.0 = Release|Any CPU
		{10C20378-CB6A-4B8C-A580-5C55873B551E}.Debug|Any CPU.ActiveCfg = Debug|Any CPU
		{10C20378-CB6A-4B8C-A580-5C55873B551E}.Debug|Any CPU.Build.0 = Debug|Any CPU
		{10C20378-CB6A-4B8C-A580-5C55873B551E}.Release|Any CPU.ActiveCfg = Release|Any CPU
		{10C20378-CB6A-4B8C-A580-5C55873B551E}.Release|Any CPU.Build.0 = Release|Any CPU
		{E47598CD-0CD0-4894-AEA0-79657ABC5475}.Debug|Any CPU.ActiveCfg = Debug|Any CPU
		{E47598CD-0CD0-4894-AEA0-79657ABC5475}.Debug|Any CPU.Build.0 = Debug|Any CPU
		{E47598CD-0CD0-4894-AEA0-79657ABC5475}.Release|Any CPU.ActiveCfg = Release|Any CPU
		{E47598CD-0CD0-4894-AEA0-79657ABC5475}.Release|Any CPU.Build.0 = Release|Any CPU
		{4B9E959E-D2D1-457C-89D0-3D89BA75D5FE}.Debug|Any CPU.ActiveCfg = Debug|Any CPU
		{4B9E959E-D2D1-457C-89D0-3D89BA75D5FE}.Debug|Any CPU.Build.0 = Debug|Any CPU
		{4B9E959E-D2D1-457C-89D0-3D89BA75D5FE}.Release|Any CPU.ActiveCfg = Release|Any CPU
		{4B9E959E-D2D1-457C-89D0-3D89BA75D5FE}.Release|Any CPU.Build.0 = Release|Any CPU
		{C3581C12-4992-4574-B267-774949737542}.Debug|Any CPU.ActiveCfg = Debug|Any CPU
		{C3581C12-4992-4574-B267-774949737542}.Debug|Any CPU.Build.0 = Debug|Any CPU
		{C3581C12-4992-4574-B267-774949737542}.Release|Any CPU.ActiveCfg = Release|Any CPU
		{C3581C12-4992-4574-B267-774949737542}.Release|Any CPU.Build.0 = Release|Any CPU
		{5745690B-099A-4202-AABD-D942707883F3}.Debug|Any CPU.ActiveCfg = Debug|Any CPU
		{5745690B-099A-4202-AABD-D942707883F3}.Debug|Any CPU.Build.0 = Debug|Any CPU
		{5745690B-099A-4202-AABD-D942707883F3}.Release|Any CPU.ActiveCfg = Release|Any CPU
		{5745690B-099A-4202-AABD-D942707883F3}.Release|Any CPU.Build.0 = Release|Any CPU
		{50762083-4271-451A-AECA-C5C2EE0394E3}.Debug|Any CPU.ActiveCfg = Debug|Any CPU
		{50762083-4271-451A-AECA-C5C2EE0394E3}.Debug|Any CPU.Build.0 = Debug|Any CPU
		{50762083-4271-451A-AECA-C5C2EE0394E3}.Release|Any CPU.ActiveCfg = Release|Any CPU
		{50762083-4271-451A-AECA-C5C2EE0394E3}.Release|Any CPU.Build.0 = Release|Any CPU
		{834A3BFA-969F-487B-96D9-FBB996231878}.Debug|Any CPU.ActiveCfg = Debug|Any CPU
		{834A3BFA-969F-487B-96D9-FBB996231878}.Debug|Any CPU.Build.0 = Debug|Any CPU
		{834A3BFA-969F-487B-96D9-FBB996231878}.Release|Any CPU.ActiveCfg = Release|Any CPU
		{834A3BFA-969F-487B-96D9-FBB996231878}.Release|Any CPU.Build.0 = Release|Any CPU
	EndGlobalSection
	GlobalSection(SolutionProperties) = preSolution
		HideSolutionNode = FALSE
	EndGlobalSection
	GlobalSection(ExtensibilityGlobals) = postSolution
		SolutionGuid = {81AA98C3-3FD5-4A29-97A2-01410F844327}
	EndGlobalSection
EndGlobal
